{
    "name": "fx-core-docs",
    "version": "1.0.0",
    "lockfileVersion": 3,
    "requires": true,
    "packages": {
        "": {
            "name": "fx-core-docs",
            "version": "1.0.0",
            "devDependencies": {
                "elm": "^0.19.2-0",
                "happy-dom": "^20.11.6"
            }
        },
        "node_modules/@elm_binaries/darwin_arm64": {
            "version": "0.19.2-0",
            "resolved": "https://registry.npmjs.org/@elm_binaries/darwin_arm64/-/darwin_arm64-0.19.2-0.tgz",
            "integrity": "sha512-vhgvWAgc+jkB/oSCqI0BK1w908ivNbV6OBWIGtJgbzAXFh6RYLcGdE04+X6CTLgj+u5ufl81lsnMG6lWEMzbJg==",
            "cpu": [
                "arm64"
            ],
            "dev": true,
            "license": "BSD-3-Clause",
            "optional": true,
            "os": [
                "darwin"
            ]
        },
        "node_modules/@elm_binaries/darwin_x64": {
            "version": "0.19.2-0",
            "resolved": "https://registry.npmjs.org/@elm_binaries/darwin_x64/-/darwin_x64-0.19.2-0.tgz",
            "integrity": "sha512-CQub4GhTa9nOHkUpi4eVGy34mxhfQOpVteLWkgsFwSHxXathKzNaOR9W7nVHR1iKEMBNcYJpXS2MoQognOUMkA==",
            "cpu": [
                "x64"
            ],
            "dev": true,
            "license": "BSD-3-Clause",
            "optional": true,
            "os": [
                "darwin"
            ]
        },
        "node_modules/@elm_binaries/linux_arm64": {
            "version": "0.19.2-0",
            "resolved": "https://registry.npmjs.org/@elm_binaries/linux_arm64/-/linux_arm64-0.19.2-0.tgz",
            "integrity": "sha512-50LdOV2ddvgBqcgfVKC3yCKg3/3RQdkfE7Be5k7Zj2xYLALQolk3X2ualXUmXIbP6Zo1xYKymDAfa/M1PTF+dw==",
            "cpu": [
                "arm64"
            ],
            "dev": true,
            "license": "BSD-3-Clause",
            "optional": true,
            "os": [
                "linux"
            ]
        },
        "node_modules/@elm_binaries/linux_x64": {
            "version": "0.19.2-0",
            "resolved": "https://registry.npmjs.org/@elm_binaries/linux_x64/-/linux_x64-0.19.2-0.tgz",
            "integrity": "sha512-03EXHZZBCEFcKKh2kKUGPsFysKXnHANYw2XubBwT3Vj/5uOI/doG0g8kij5ng8n50vma/pNwAWqvVQLSRDmPMA==",
            "cpu": [
                "x64"
            ],
            "dev": true,
            "license": "BSD-3-Clause",
            "optional": true,
            "os": [
                "linux"
            ]
        },
        "node_modules/@elm_binaries/win32_x64": {
            "version": "0.19.2-0",
            "resolved": "https://registry.npmjs.org/@elm_binaries/win32_x64/-/win32_x64-0.19.2-0.tgz",
            "integrity": "sha512-FCzv6KAlo/L2/FZe3rsIH5dgFfljlgKWpMUDxVgNm1mFKep4TeFEnwRlSUh7hFnKCDVyjUL9oNL+x4OwYr3KWg==",
            "cpu": [
                "x64"
            ],
            "dev": true,
            "license": "BSD-3-Clause",
            "optional": true,
            "os": [
                "win32"
            ]
        },
        "node_modules/@types/node": {
            "version": "22.20.2",
            "resolved": "https://registry.npmjs.org/@types/node/-/node-22.20.2.tgz",
            "integrity": "sha512-xlvWf4Vs9n1PEVYwP1n4vvG07M6y8WgvJ2t0vbrWTmijsIHp1cS+uJ2kMIRdY3nHZK0nCYKrPeD171+SzF4/zw==",
            "dev": true,
            "license": "MIT",
            "dependencies": {
                "undici-types": "~6.21.0"
            }
        },
        "node_modules/@types/whatwg-mimetype": {
            "version": "3.0.2",
            "resolved": "https://registry.npmjs.org/@types/whatwg-mimetype/-/whatwg-mimetype-3.0.2.tgz",
            "integrity": "sha512-c2AKvDT8ToxLIOUlN51gTiHXflsfIFisS4pO7pDPoKouJCESkhZnEy623gwP9laCy5lnLDAw1vAzu2vM2YLOrA==",
            "dev": true,
            "license": "MIT"
        },
        "node_modules/@types/ws": {
            "version": "8.18.1",
            "resolved": "https://registry.npmjs.org/@types/ws/-/ws-8.18.1.tgz",
            "integrity": "sha512-ThVF6DCVhA8kUGy+aazFQ4kXQ7E1Ty7A3ypFOe0IcJV8O/M511G99AW24irKrW56Wt44yG9+ij8FaqoBGkuBXg==",
            "dev": true,
            "license": "MIT",
            "dependencies": {
                "@types/node": "*"
            }
        },
        "node_modules/buffer-image-size": {
            "version": "0.6.4",
            "resolved": "https://registry.npmjs.org/buffer-image-size/-/buffer-image-size-0.6.4.tgz",
            "integrity": "sha512-nEh+kZOPY1w+gcCMobZ6ETUp9WfibndnosbpwB1iJk/8Gt5ZF2bhS6+B6bPYz424KtwsR6Rflc3tCz1/ghX2dQ==",
            "dev": true,
            "license": "MIT",
            "dependencies": {
                "@types/node": "*"
            },
            "engines": {
                "node": ">=4.0"
            }
        },
        "node_modules/elm": {
            "version": "0.19.2-0",
            "resolved": "https://registry.npmjs.org/elm/-/elm-0.19.2-0.tgz",
            "integrity": "sha512-a2N4WJ6ge+cXOemAgo6tu8gN17cIzzitYoPcJRpvbiPbay1+BfQAv9wyWtgTyR3YkrduN5oQwzLgSIaUBZwjYQ==",
            "dev": true,
            "hasInstallScript": true,
            "license": "BSD-3-Clause",
            "bin": {
                "elm": "bin/elm"
            },
            "engines": {
                "node": ">=7.0.0"
            },
            "optionalDependencies": {
                "@elm_binaries/darwin_arm64": "0.19.2-0",
                "@elm_binaries/darwin_x64": "0.19.2-0",
                "@elm_binaries/linux_arm64": "0.19.2-0",
                "@elm_binaries/linux_x64": "0.19.2-0",
                "@elm_binaries/win32_x64": "0.19.2-0"
            }
        },
        "node_modules/entities": {
            "version": "7.0.1",
            "resolved": "https://registry.npmjs.org/entities/-/entities-7.0.1.tgz",
            "integrity": "sha512-TWrgLOFUQTH994YUyl1yT4uyavY5nNB5muff+RtWaqNVCAK408b5ZnnbNAUEWLTCpum9w6arT70i1XdQ4UeOPA==",
            "dev": true,
            "license": "BSD-2-Clause",
            "engines": {
                "node": ">=0.12"
            },
            "funding": {
                "url": "https://github.com/fb55/entities?sponsor=1"
            }
        },
        "node_modules/happy-dom": {
            "version": "20.14.3",
            "resolved": "https://registry.npmjs.org/happy-dom/-/happy-dom-20.14.3.tgz",
            "integrity": "sha512-0KMb/Eh8rsd+aMNkOk5h8LkAjo9Na1aksnEGmsuZf+GXl6UkAdIi0VbUHU7d59lXhNmawODgwwuCMiZpCxwwCw==",
            "dev": true,
            "license": "MIT",
            "dependencies": {
                "@types/node": ">=20.0.0",
                "@types/whatwg-mimetype": "^3.0.2",
                "@types/ws": "^8.18.1",
                "buffer-image-size": "^0.6.4",
                "entities": "^7.0.1",
                "whatwg-mimetype": "^3.0.0",
                "ws": "^8.21.0"
            },
            "engines": {
                "node": ">=20.0.0"
            }
        },
        "node_modules/undici-types": {
            "version": "6.21.0",
            "resolved": "https://registry.npmjs.org/undici-types/-/undici-types-6.21.0.tgz",
            "integrity": "sha512-iwDZqg0QAGrg9Rav5H4n0M64c3mkR59cJ6wQp+7C4nI0gsmExaedaYLNO44eT4AtBBwjbTiGPMlt2Md0T9H9JQ==",
            "dev": true,
            "license": "MIT"
        },
        "node_modules/whatwg-mimetype": {
            "version": "3.0.0",
            "resolved": "https://registry.npmjs.org/whatwg-mimetype/-/whatwg-mimetype-3.0.0.tgz",
            "integrity": "sha512-nt+N2dzIutVRxARx1nghPKGv1xHikU7HKdfafKkLNLindmPU/ch3U31NOCGGA/dmPcmb1VlofO0vnKAcsm0o/Q==",
            "dev": true,
            "license": "MIT",
            "engines": {
                "node": ">=12"
            }
        },
        "node_modules/ws": {
            "version": "8.21.3",
            "resolved": "https://registry.npmjs.org/ws/-/ws-8.21.3.tgz",
            "integrity": "sha512-201TZ/kPWxoPr/OKWjquZR1SWKXcvxdH+e1xrx89b3YbmzLMFCLfnaG1HFIgWzJOEWZ7MvpK++odZufgYR50Rw==",
            "dev": true,
            "license": "MIT",
            "engines": {
                "node": ">=10.0.0"
            },
            "peerDependencies": {
                "bufferutil": "^4.0.1",
                "utf-8-validate": ">=5.0.2"
            },
            "peerDependenciesMeta": {
                "bufferutil": {
                    "optional": true
                },
                "utf-8-validate": {
                    "optional": true
                }
            }
        }
    }
}
